
Microsoft Visual Studio Solution File, Format Version 12.00
# Visual Studio Version 16
VisualStudioVersion = 16.0.30523.141
MinimumVisualStudioVersion = 10.0.40219.1
Project("{9A19103F-16F7-4668-BE54-9A1E7A4F7556}") = "SOSIEL", "SOSIEL.csproj", "{2B7ECED6-8485-476C-9E96-549B2C20102C}"
EndProject
Global
	GlobalSection(SolutionConfigurationPlatforms) = preSolution
		Debug|Any CPU = Debug|Any CPU
		Release|Any CPU = Release|Any CPU
	EndGlobalSection
	GlobalSection(ProjectConfigurationPlatforms) = postSolution
		{2B7ECED6-8485-476C-9E96-549B2C20102C}.Debug|Any CPU.ActiveCfg = Debug|Any CPU
		{2B7ECED6-8485-476C-9E96-549B2C20102C}.Debug|Any CPU.Build.0 = Debug|Any CPU
		{2B7ECED6-8485-476C-9E96-549B2C20102C}.Release|Any CPU.ActiveCfg = Release|Any CPU
		{2B7ECED6-8485-476C-9E96-549B2C20102C}.Release|Any CPU.Build.0 = Release|Any CPU
	EndGlobalSection
	GlobalSection(SolutionProperties) = preSolution
		HideSolutionNode = FALSE
	EndGlobalSection
	GlobalSection(ExtensibilityGlobals) = postSolution
		SolutionGuid = {2AD73849-B0FA-4A24-8113-7B7C01E11800}
	EndGlobalSection
EndGlobal
